
Microsoft Visual Studio Solution File, Format Version 12.00
# Visual Studio Version 17
VisualStudioVersion = 17.1.32407.343
MinimumVisualStudioVersion = 10.0.40219.1
Project("{9A19103F-16F7-4668-BE54-9A1E7A4F7556}") = "BlazorApp5", "BlazorApp5\BlazorApp5.csproj", "{FFADC2D6-A853-4983-9BEF-8E976B45834D}"
EndProject
Global
	GlobalSection(SolutionConfigurationPlatforms) = preSolution
		Debug|Any CPU = Debug|Any CPU
		Release|Any CPU = Release|Any CPU
	EndGlobalSection
	GlobalSection(ProjectConfigurationPlatforms) = postSolution
		{FFADC2D6-A853-4983-9BEF-8E976B45834D}.Debug|Any CPU.ActiveCfg = Debug|Any CPU
		{FFADC2D6-A853-4983-9BEF-8E976B45834D}.Debug|Any CPU.Build.0 = Debug|Any CPU
		{FFADC2D6-A853-4983-9BEF-8E976B45834D}.Release|Any CPU.ActiveCfg = Release|Any CPU
		{FFADC2D6-A853-4983-9BEF-8E976B45834D}.Release|Any CPU.Build.0 = Release|Any CPU
	EndGlobalSection
	GlobalSection(SolutionProperties) = preSolution
		HideSolutionNode = FALSE
	EndGlobalSection
	GlobalSection(ExtensibilityGlobals) = postSolution
		SolutionGuid = {0144936C-97D7-47D8-ABBE-6E9FF6B84C42}
	EndGlobalSection
EndGlobal
